
Microsoft Visual Studio Solution File, Format Version 12.00
# Visual Studio Version 17
VisualStudioVersion = 17.11.35327.3
MinimumVisualStudioVersion = 10.0.40219.1
Project("{FAE04EC0-301F-11D3-BF4B-00C04F79EFBC}") = "Array and Loops", "Array and Loops\Array and Loops.csproj", "{CEB6A8F4-6AB7-44B7-8D9C-11553F1935E1}"
EndProject
Global
	GlobalSection(SolutionConfigurationPlatforms) = preSolution
		Debug|Any CPU = Debug|Any CPU
		Release|Any CPU = Release|Any CPU
	EndGlobalSection
	GlobalSection(ProjectConfigurationPlatforms) = postSolution
		{CEB6A8F4-6AB7-44B7-8D9C-11553F1935E1}.Debug|Any CPU.ActiveCfg = Debug|Any CPU
		{CEB6A8F4-6AB7-44B7-8D9C-11553F1935E1}.Debug|Any CPU.Build.0 = Debug|Any CPU
		{CEB6A8F4-6AB7-44B7-8D9C-11553F1935E1}.Release|Any CPU.ActiveCfg = Release|Any CPU
		{CEB6A8F4-6AB7-44B7-8D9C-11553F1935E1}.Release|Any CPU.Build.0 = Release|Any CPU
	EndGlobalSection
	GlobalSection(SolutionProperties) = preSolution
		HideSolutionNode = FALSE
	EndGlobalSection
	GlobalSection(ExtensibilityGlobals) = postSolution
		SolutionGuid = {FD5DEB94-CCD4-4183-8B21-95A972F211EB}
	EndGlobalSection
EndGlobal
