
Microsoft Visual Studio Solution File, Format Version 12.00
# Visual Studio Version 17
VisualStudioVersion = 17.11.35327.3
MinimumVisualStudioVersion = 10.0.40219.1
Project("{FAE04EC0-301F-11D3-BF4B-00C04F79EFBC}") = "Properties", "Properties\Properties.csproj", "{71F98690-7B0A-4958-A6C7-79E6B2746B7F}"
EndProject
Global
	GlobalSection(SolutionConfigurationPlatforms) = preSolution
		Debug|Any CPU = Debug|Any CPU
		Release|Any CPU = Release|Any CPU
	EndGlobalSection
	GlobalSection(ProjectConfigurationPlatforms) = postSolution
		{71F98690-7B0A-4958-A6C7-79E6B2746B7F}.Debug|Any CPU.ActiveCfg = Debug|Any CPU
		{71F98690-7B0A-4958-A6C7-79E6B2746B7F}.Debug|Any CPU.Build.0 = Debug|Any CPU
		{71F98690-7B0A-4958-A6C7-79E6B2746B7F}.Release|Any CPU.ActiveCfg = Release|Any CPU
		{71F98690-7B0A-4958-A6C7-79E6B2746B7F}.Release|Any CPU.Build.0 = Release|Any CPU
	EndGlobalSection
	GlobalSection(SolutionProperties) = preSolution
		HideSolutionNode = FALSE
	EndGlobalSection
	GlobalSection(ExtensibilityGlobals) = postSolution
		SolutionGuid = {F0E037D2-2AC2-4D5C-9F75-A4967EFB7AC1}
	EndGlobalSection
EndGlobal
