
Microsoft Visual Studio Solution File, Format Version 12.00
# Visual Studio Version 17
VisualStudioVersion = 17.11.35327.3
MinimumVisualStudioVersion = 10.0.40219.1
Project("{FAE04EC0-301F-11D3-BF4B-00C04F79EFBC}") = "Struct", "Struct\Struct.csproj", "{4F25903D-F630-4AA6-B970-57123B11A4D1}"
EndProject
Global
	GlobalSection(SolutionConfigurationPlatforms) = preSolution
		Debug|Any CPU = Debug|Any CPU
		Release|Any CPU = Release|Any CPU
	EndGlobalSection
	GlobalSection(ProjectConfigurationPlatforms) = postSolution
		{4F25903D-F630-4AA6-B970-57123B11A4D1}.Debug|Any CPU.ActiveCfg = Debug|Any CPU
		{4F25903D-F630-4AA6-B970-57123B11A4D1}.Debug|Any CPU.Build.0 = Debug|Any CPU
		{4F25903D-F630-4AA6-B970-57123B11A4D1}.Release|Any CPU.ActiveCfg = Release|Any CPU
		{4F25903D-F630-4AA6-B970-57123B11A4D1}.Release|Any CPU.Build.0 = Release|Any CPU
	EndGlobalSection
	GlobalSection(SolutionProperties) = preSolution
		HideSolutionNode = FALSE
	EndGlobalSection
	GlobalSection(ExtensibilityGlobals) = postSolution
		SolutionGuid = {B30F669C-3CB0-41BC-81B9-E1AB939ED41D}
	EndGlobalSection
EndGlobal
